
Microsoft Visual Studio Solution File, Format Version 12.00
# Visual Studio Version 16
VisualStudioVersion = 16.0.31205.134
MinimumVisualStudioVersion = 10.0.40219.1
Project("{8BC9CEB8-8B4A-11D0-8D11-00A0C91BC942}") = "E1", "E1\E1.vcxproj", "{CD4FE64E-544D-4694-AA5F-E19CD10B8D32}"
EndProject
Project("{8BC9CEB8-8B4A-11D0-8D11-00A0C91BC942}") = "E2", "E2\E2.vcxproj", "{172A18A7-28EB-41CF-9792-322DB2061724}"
EndProject
Project("{8BC9CEB8-8B4A-11D0-8D11-00A0C91BC942}") = "E3", "E3\E3.vcxproj", "{5769CE77-3E93-4F11-ABDF-3240426E9E20}"
EndProject
Project("{8BC9CEB8-8B4A-11D0-8D11-00A0C91BC942}") = "E4", "E4\E4.vcxproj", "{10B1B005-ABFD-4EC9-B4A4-353DABF9D1E9}"
EndProject
Project("{8BC9CEB8-8B4A-11D0-8D11-00A0C91BC942}") = "E5", "E5\E5.vcxproj", "{305DE495-715E-4566-B159-C7BEA4286206}"
EndProject
Project("{8BC9CEB8-8B4A-11D0-8D11-00A0C91BC942}") = "E6", "E6\E6.vcxproj", "{69D60F92-F964-4764-945F-5AA1C3E142BA}"
EndProject
Project("{8BC9CEB8-8B4A-11D0-8D11-00A0C91BC942}") = "E7", "E7\E7.vcxproj", "{F9C4A520-F1A0-4E1E-98B7-B9818DB393AB}"
EndProject
Project("{8BC9CEB8-8B4A-11D0-8D11-00A0C91BC942}") = "E8", "E8\E8.vcxproj", "{C77DAB6A-6278-4962-87E3-E69658839E1D}"
EndProject
Project("{8BC9CEB8-8B4A-11D0-8D11-00A0C91BC942}") = "E9", "E9\E9.vcxproj", "{47D14A9A-C040-4964-8F41-7F958B6C89C8}"
EndProject
Global
	GlobalSection(SolutionConfigurationPlatforms) = preSolution
		Debug|x64 = Debug|x64
		Debug|x86 = Debug|x86
		Release|x64 = Release|x64
		Release|x86 = Release|x86
	EndGlobalSection
	GlobalSection(ProjectConfigurationPlatforms) = postSolution
		{CD4FE64E-544D-4694-AA5F-E19CD10B8D32}.Debug|x64.ActiveCfg = Debug|x64
		{CD4FE64E-544D-4694-AA5F-E19CD10B8D32}.Debug|x64.Build.0 = Debug|x64
		{CD4FE64E-544D-4694-AA5F-E19CD10B8D32}.Debug|x86.ActiveCfg = Debug|Win32
		{CD4FE64E-544D-4694-AA5F-E19CD10B8D32}.Debug|x86.Build.0 = Debug|Win32
		{CD4FE64E-544D-4694-AA5F-E19CD10B8D32}.Release|x64.ActiveCfg = Release|x64
		{CD4FE64E-544D-4694-AA5F-E19CD10B8D32}.Release|x64.Build.0 = Release|x64
		{CD4FE64E-544D-4694-AA5F-E19CD10B8D32}.Release|x86.ActiveCfg = Release|Win32
		{CD4FE64E-544D-4694-AA5F-E19CD10B8D32}.Release|x86.Build.0 = Release|Win32
		{172A18A7-28EB-41CF-9792-322DB2061724}.Debug|x64.ActiveCfg = Debug|x64
		{172A18A7-28EB-41CF-9792-322DB2061724}.Debug|x64.Build.0 = Debug|x64
		{172A18A7-28EB-41CF-9792-322DB2061724}.Debug|x86.ActiveCfg = Debug|Win32
		{172A18A7-28EB-41CF-9792-322DB2061724}.Debug|x86.Build.0 = Debug|Win32
		{172A18A7-28EB-41CF-9792-322DB2061724}.Release|x64.ActiveCfg = Release|x64
		{172A18A7-28EB-41CF-9792-322DB2061724}.Release|x64.Build.0 = Release|x64
		{172A18A7-28EB-41CF-9792-322DB2061724}.Release|x86.ActiveCfg = Release|Win32
		{172A18A7-28EB-41CF-9792-322DB2061724}.Release|x86.Build.0 = Release|Win32
		{5769CE77-3E93-4F11-ABDF-3240426E9E20}.Debug|x64.ActiveCfg = Debug|x64
		{5769CE77-3E93-4F11-ABDF-3240426E9E20}.Debug|x64.Build.0 = Debug|x64
		{5769CE77-3E93-4F11-ABDF-3240426E9E20}.Debug|x86.ActiveCfg = Debug|Win32
		{5769CE77-3E93-4F11-ABDF-3240426E9E20}.Debug|x86.Build.0 = Debug|Win32
		{5769CE77-3E93-4F11-ABDF-3240426E9E20}.Release|x64.ActiveCfg = Release|x64
		{5769CE77-3E93-4F11-ABDF-3240426E9E20}.Release|x64.Build.0 = Release|x64
		{5769CE77-3E93-4F11-ABDF-3240426E9E20}.Release|x86.ActiveCfg = Release|Win32
		{5769CE77-3E93-4F11-ABDF-3240426E9E20}.Release|x86.Build.0 = Release|Win32
		{10B1B005-ABFD-4EC9-B4A4-353DABF9D1E9}.Debug|x64.ActiveCfg = Debug|x64
		{10B1B005-ABFD-4EC9-B4A4-353DABF9D1E9}.Debug|x64.Build.0 = Debug|x64
		{10B1B005-ABFD-4EC9-B4A4-353DABF9D1E9}.Debug|x86.ActiveCfg = Debug|Win32
		{10B1B005-ABFD-4EC9-B4A4-353DABF9D1E9}.Debug|x86.Build.0 = Debug|Win32
		{10B1B005-ABFD-4EC9-B4A4-353DABF9D1E9}.Release|x64.ActiveCfg = Release|x64
		{10B1B005-ABFD-4EC9-B4A4-353DABF9D1E9}.Release|x64.Build.0 = Release|x64
		{10B1B005-ABFD-4EC9-B4A4-353DABF9D1E9}.Release|x86.ActiveCfg = Release|Win32
		{10B1B005-ABFD-4EC9-B4A4-353DABF9D1E9}.Release|x86.Build.0 = Release|Win32
		{305DE495-715E-4566-B159-C7BEA4286206}.Debug|x64.ActiveCfg = Debug|x64
		{305DE495-715E-4566-B159-C7BEA4286206}.Debug|x64.Build.0 = Debug|x64
		{305DE495-715E-4566-B159-C7BEA4286206}.Debug|x86.ActiveCfg = Debug|Win32
		{305DE495-715E-4566-B159-C7BEA4286206}.Debug|x86.Build.0 = Debug|Win32
		{305DE495-715E-4566-B159-C7BEA4286206}.Release|x64.ActiveCfg = Release|x64
		{305DE495-715E-4566-B159-C7BEA4286206}.Release|x64.Build.0 = Release|x64
		{305DE495-715E-4566-B159-C7BEA4286206}.Release|x86.ActiveCfg = Release|Win32
		{305DE495-715E-4566-B159-C7BEA4286206}.Release|x86.Build.0 = Release|Win32
		{69D60F92-F964-4764-945F-5AA1C3E142BA}.Debug|x64.ActiveCfg = Debug|x64
		{69D60F92-F964-4764-945F-5AA1C3E142BA}.Debug|x64.Build.0 = Debug|x64
		{69D60F92-F964-4764-945F-5AA1C3E142BA}.Debug|x86.ActiveCfg = Debug|Win32
		{69D60F92-F964-4764-945F-5AA1C3E142BA}.Debug|x86.Build.0 = Debug|Win32
		{69D60F92-F964-4764-945F-5AA1C3E142BA}.Release|x64.ActiveCfg = Release|x64
		{69D60F92-F964-4764-945F-5AA1C3E142BA}.Release|x64.Build.0 = Release|x64
		{69D60F92-F964-4764-945F-5AA1C3E142BA}.Release|x86.ActiveCfg = Release|Win32
		{69D60F92-F964-4764-945F-5AA1C3E142BA}.Release|x86.Build.0 = Release|Win32
		{F9C4A520-F1A0-4E1E-98B7-B9818DB393AB}.Debug|x64.ActiveCfg = Debug|x64
		{F9C4A520-F1A0-4E1E-98B7-B9818DB393AB}.Debug|x64.Build.0 = Debug|x64
		{F9C4A520-F1A0-4E1E-98B7-B9818DB393AB}.Debug|x86.ActiveCfg = Debug|Win32
		{F9C4A520-F1A0-4E1E-98B7-B9818DB393AB}.Debug|x86.Build.0 = Debug|Win32
		{F9C4A520-F1A0-4E1E-98B7-B9818DB393AB}.Release|x64.ActiveCfg = Release|x64
		{F9C4A520-F1A0-4E1E-98B7-B9818DB393AB}.Release|x64.Build.0 = Release|x64
		{F9C4A520-F1A0-4E1E-98B7-B9818DB393AB}.Release|x86.ActiveCfg = Release|Win32
		{F9C4A520-F1A0-4E1E-98B7-B9818DB393AB}.Release|x86.Build.0 = Release|Win32
		{C77DAB6A-6278-4962-87E3-E69658839E1D}.Debug|x64.ActiveCfg = Debug|x64
		{C77DAB6A-6278-4962-87E3-E69658839E1D}.Debug|x64.Build.0 = Debug|x64
		{C77DAB6A-6278-4962-87E3-E69658839E1D}.Debug|x86.ActiveCfg = Debug|Win32
		{C77DAB6A-6278-4962-87E3-E69658839E1D}.Debug|x86.Build.0 = Debug|Win32
		{C77DAB6A-6278-4962-87E3-E69658839E1D}.Release|x64.ActiveCfg = Release|x64
		{C77DAB6A-6278-4962-87E3-E69658839E1D}.Release|x64.Build.0 = Release|x64
		{C77DAB6A-6278-4962-87E3-E69658839E1D}.Release|x86.ActiveCfg = Release|Win32
		{C77DAB6A-6278-4962-87E3-E69658839E1D}.Release|x86.Build.0 = Release|Win32
		{47D14A9A-C040-4964-8F41-7F958B6C89C8}.Debug|x64.ActiveCfg = Debug|x64
		{47D14A9A-C040-4964-8F41-7F958B6C89C8}.Debug|x64.Build.0 = Debug|x64
		{47D14A9A-C040-4964-8F41-7F958B6C89C8}.Debug|x86.ActiveCfg = Debug|Win32
		{47D14A9A-C040-4964-8F41-7F958B6C89C8}.Debug|x86.Build.0 = Debug|Win32
		{47D14A9A-C040-4964-8F41-7F958B6C89C8}.Release|x64.ActiveCfg = Release|x64
		{47D14A9A-C040-4964-8F41-7F958B6C89C8}.Release|x64.Build.0 = Release|x64
		{47D14A9A-C040-4964-8F41-7F958B6C89C8}.Release|x86.ActiveCfg = Release|Win32
		{47D14A9A-C040-4964-8F41-7F958B6C89C8}.Release|x86.Build.0 = Release|Win32
	EndGlobalSection
	GlobalSection(SolutionProperties) = preSolution
		HideSolutionNode = FALSE
	EndGlobalSection
	GlobalSection(ExtensibilityGlobals) = postSolution
		SolutionGuid = {DF9A46FF-7BDB-472C-9BA2-4CF73AA640A9}
	EndGlobalSection
EndGlobal
